{
  "name": "sidelook",
  "version": "0.17.0",
  "lockfileVersion": 3,
  "requires": true,
  "packages": {
    "": {
      "name": "sidelook",
      "version": "0.17.0",
      "license": "MIT",
      "dependencies": {
        "dashclaw": "5.33.9"
      },
      "engines": {
        "node": ">=24"
      }
    },
    "node_modules/dashclaw": {
      "version": "5.33.9",
      "resolved": "https://registry.npmjs.org/dashclaw/-/dashclaw-5.33.9.tgz",
      "integrity": "sha512-bisfdAFtBEhYZF+ZKFwr8XuTHHB2Cn/dg9cz/A4InxoEYaGVQMlNxWU/hVpChXvMNTfMC2NTF6hOAS6b5tBHRA==",
      "license": "MIT",
      "bin": {
        "dashclaw": "bin/dashclaw-shim.js"
      },
      "engines": {
        "node": ">=18.0.0"
      }
    }
  }
}
